<?xml version="1.0" encoding="UTF-8" standalone="yes" ?>
<CodeBlocks_project_file>
	<FileVersion major="1" minor="6" />
	<Project>
		<Option title="Futz" />
		<Option pch_mode="2" />
		<Option compiler="gcc" />
		<Build>
			<Target title="Debug GL1 SDL2">
				<Option output="bin/Debug/futz_sdl2" prefix_auto="1" extension_auto="1" />
				<Option working_dir="" />
				<Option object_output="obj/Debug/" />
				<Option type="2" />
				<Option compiler="gcc" />
				<Option createDefFile="1" />
				<Compiler>
					<Add option="-g" />
					<Add option="-DFUTZ_PLATFORM_SDL2" />
					<Add option="-DFUTZ_RENDERER_GL1" />
				</Compiler>
			</Target>
			<Target title="Release">
				<Option output="bin/Release/Futz" prefix_auto="1" extension_auto="1" />
				<Option working_dir="" />
				<Option object_output="obj/Release/" />
				<Option type="2" />
				<Option compiler="gcc" />
				<Option createDefFile="1" />
				<Compiler>
					<Add option="-O2" />
				</Compiler>
				<Linker>
					<Add option="-s" />
				</Linker>
			</Target>
		</Build>
		<Compiler>
			<Add option="-Wall" />
		</Compiler>
		<Unit filename="../../src/futz/3rdParty/stb_image.cpp" />
		<Unit filename="../../src/futz/3rdParty/stb_image.h" />
		<Unit filename="../../src/futz/Futz.cpp" />
		<Unit filename="../../src/futz/Futz.h" />
		<Unit filename="../../src/futz/GameBase.cpp" />
		<Unit filename="../../src/futz/GameBase.h" />
		<Unit filename="../../src/futz/TimeKeeper.cpp" />
		<Unit filename="../../src/futz/TimeKeeper.h" />
		<Unit filename="../../src/futz/camera/Camera.cpp" />
		<Unit filename="../../src/futz/camera/Camera.h" />
		<Unit filename="../../src/futz/core/Component.h" />
		<Unit filename="../../src/futz/core/Node.cpp" />
		<Unit filename="../../src/futz/core/Node.h" />
		<Unit filename="../../src/futz/core/Profiler.cpp" />
		<Unit filename="../../src/futz/core/Profiler.h" />
		<Unit filename="../../src/futz/core/Transform.cpp" />
		<Unit filename="../../src/futz/core/Transform.h" />
		<Unit filename="../../src/futz/core/components/AxisAlignedBoundingBox.cpp" />
		<Unit filename="../../src/futz/core/components/AxisAlignedBoundingBox.h" />
		<Unit filename="../../src/futz/core/components/BoundingBox.cpp" />
		<Unit filename="../../src/futz/core/components/BoundingBox.h" />
		<Unit filename="../../src/futz/core/components/BoundingSphere.cpp" />
		<Unit filename="../../src/futz/core/components/BoundingSphere.h" />
		<Unit filename="../../src/futz/core/components/BoxCollider.cpp" />
		<Unit filename="../../src/futz/core/components/BoxCollider.h" />
		<Unit filename="../../src/futz/core/components/DrawModel.cpp" />
		<Unit filename="../../src/futz/core/components/DrawModel.h" />
		<Unit filename="../../src/futz/core/primatives/Box.h" />
		<Unit filename="../../src/futz/input/Input.cpp" />
		<Unit filename="../../src/futz/input/Input.h" />
		<Unit filename="../../src/futz/input/InputEventQueue.cpp" />
		<Unit filename="../../src/futz/input/InputEventQueue.h" />
		<Unit filename="../../src/futz/math/Matrix4.cpp" />
		<Unit filename="../../src/futz/math/Matrix4.h" />
		<Unit filename="../../src/futz/math/Quaternion.cpp" />
		<Unit filename="../../src/futz/math/Quaternion.h" />
		<Unit filename="../../src/futz/math/Vector3.cpp" />
		<Unit filename="../../src/futz/math/Vector3.h" />
		<Unit filename="../../src/futz/models/Material.cpp" />
		<Unit filename="../../src/futz/models/Material.h" />
		<Unit filename="../../src/futz/models/Model.cpp" />
		<Unit filename="../../src/futz/models/Model.h" />
		<Unit filename="../../src/futz/models/Triangle.cpp" />
		<Unit filename="../../src/futz/models/Triangle.h" />
		<Unit filename="../../src/futz/models/dummy/DummyModel.cpp" />
		<Unit filename="../../src/futz/models/dummy/DummyModel.h" />
		<Unit filename="../../src/futz/models/wavefront/WavefrontModel.cpp" />
		<Unit filename="../../src/futz/models/wavefront/WavefrontModel.h" />
		<Unit filename="../../src/futz/platforms/FutzAndroid.cpp" />
		<Unit filename="../../src/futz/platforms/FutzAndroid.h" />
		<Unit filename="../../src/futz/platforms/FutzDreamcast.cpp" />
		<Unit filename="../../src/futz/platforms/FutzDreamcast.h" />
		<Unit filename="../../src/futz/platforms/FutzGlut.cpp" />
		<Unit filename="../../src/futz/platforms/FutzGlut.h" />
		<Unit filename="../../src/futz/platforms/FutzLayer.cpp" />
		<Unit filename="../../src/futz/platforms/FutzLayer.h" />
		<Unit filename="../../src/futz/platforms/FutzSDL.cpp" />
		<Unit filename="../../src/futz/platforms/FutzSDL.h" />
		<Unit filename="../../src/futz/platforms/FutzSDL2.cpp" />
		<Unit filename="../../src/futz/platforms/FutzSDL2.h" />
		<Unit filename="../../src/futz/platforms/SystemLayerBase.cpp" />
		<Unit filename="../../src/futz/platforms/SystemLayerBase.h" />
		<Unit filename="../../src/futz/renderers/RendererBase.h" />
		<Unit filename="../../src/futz/renderers/dreamcast/DreamcastRenderer.cpp" />
		<Unit filename="../../src/futz/renderers/dreamcast/DreamcastRenderer.h" />
		<Unit filename="../../src/futz/renderers/dummy/DummyRenderer.cpp" />
		<Unit filename="../../src/futz/renderers/dummy/DummyRenderer.h" />
		<Unit filename="../../src/futz/renderers/gl1/GL1Renderer.cpp" />
		<Unit filename="../../src/futz/renderers/gl1/GL1Renderer.h" />
		<Unit filename="../../src/futz/renderers/gl3/GL3Renderer.cpp" />
		<Unit filename="../../src/futz/renderers/gl3/GL3Renderer.h" />
		<Unit filename="../../src/futz/renderers/gles1/GLES1Renderer.cpp" />
		<Unit filename="../../src/futz/renderers/gles1/GLES1Renderer.h" />
		<Unit filename="../../src/futz/scenegraph/SceneGraph.cpp" />
		<Unit filename="../../src/futz/scenegraph/SceneGraph.h" />
		<Extensions>
			<code_completion />
			<envvars />
			<debugger />
			<lib_finder disable_auto="1" />
		</Extensions>
	</Project>
</CodeBlocks_project_file>
