
Microsoft Visual Studio Solution File, Format Version 11.00
# Visual C++ Express 2010
Project("{8BC9CEB8-8B4A-11D0-8D11-00A0C91BC942}") = "Futz", "Futz.vcxproj", "{2333D8A3-7492-44CA-BC61-26994524D1DC}"
EndProject
Project("{8BC9CEB8-8B4A-11D0-8D11-00A0C91BC942}") = "Demo", "Demo\Demo.vcxproj", "{D64056E3-61F6-4D7F-826D-660FA22155CD}"
	ProjectSection(ProjectDependencies) = postProject
		{2333D8A3-7492-44CA-BC61-26994524D1DC} = {2333D8A3-7492-44CA-BC61-26994524D1DC}
	EndProjectSection
EndProject
Project("{8BC9CEB8-8B4A-11D0-8D11-00A0C91BC942}") = "Life", "Life\Life.vcxproj", "{24A6F69C-03B2-4FD3-8BFC-AC55C790F9A1}"
EndProject
Global
	GlobalSection(SolutionConfigurationPlatforms) = preSolution
		Debug|Win32 = Debug|Win32
		Release|Win32 = Release|Win32
	EndGlobalSection
	GlobalSection(ProjectConfigurationPlatforms) = postSolution
		{2333D8A3-7492-44CA-BC61-26994524D1DC}.Debug|Win32.ActiveCfg = Debug|Win32
		{2333D8A3-7492-44CA-BC61-26994524D1DC}.Debug|Win32.Build.0 = Debug|Win32
		{2333D8A3-7492-44CA-BC61-26994524D1DC}.Release|Win32.ActiveCfg = Release|Win32
		{2333D8A3-7492-44CA-BC61-26994524D1DC}.Release|Win32.Build.0 = Release|Win32
		{D64056E3-61F6-4D7F-826D-660FA22155CD}.Debug|Win32.ActiveCfg = Debug|Win32
		{D64056E3-61F6-4D7F-826D-660FA22155CD}.Debug|Win32.Build.0 = Debug|Win32
		{D64056E3-61F6-4D7F-826D-660FA22155CD}.Release|Win32.ActiveCfg = Release|Win32
		{D64056E3-61F6-4D7F-826D-660FA22155CD}.Release|Win32.Build.0 = Release|Win32
		{24A6F69C-03B2-4FD3-8BFC-AC55C790F9A1}.Debug|Win32.ActiveCfg = Debug|Win32
		{24A6F69C-03B2-4FD3-8BFC-AC55C790F9A1}.Debug|Win32.Build.0 = Debug|Win32
		{24A6F69C-03B2-4FD3-8BFC-AC55C790F9A1}.Release|Win32.ActiveCfg = Release|Win32
		{24A6F69C-03B2-4FD3-8BFC-AC55C790F9A1}.Release|Win32.Build.0 = Release|Win32
	EndGlobalSection
	GlobalSection(SolutionProperties) = preSolution
		HideSolutionNode = FALSE
	EndGlobalSection
EndGlobal
